
Microsoft Visual Studio Solution File, Format Version 12.00
# Visual Studio Version 17
VisualStudioVersion = 17.11.35312.102
MinimumVisualStudioVersion = 10.0.40219.1
Project("{9A19103F-16F7-4668-BE54-9A1E7A4F7556}") = "WSyncPro.Core", "WSyncPro.Core\WSyncPro.Core.csproj", "{CAB7925C-6077-4D79-AA30-66FE26BF1E0A}"
EndProject
Project("{9A19103F-16F7-4668-BE54-9A1E7A4F7556}") = "WSyncPro.Models", "WSyncPro.Models\WSyncPro.Models.csproj", "{A6C2ACE2-90F3-41AD-8CA6-C14E059A30AF}"
EndProject
Project("{9A19103F-16F7-4668-BE54-9A1E7A4F7556}") = "WSyncPro.Test", "WSyncPro.Test\WSyncPro.Test.csproj", "{84A52737-EB7D-487B-9867-6071701B6AAF}"
EndProject
Project("{9A19103F-16F7-4668-BE54-9A1E7A4F7556}") = "WSyncPro.Util", "WSyncPro.Util\WSyncPro.Util.csproj", "{D265DD33-12B5-44DF-8D61-4A18A99B5983}"
EndProject
Project("{9A19103F-16F7-4668-BE54-9A1E7A4F7556}") = "WSyncPro.App", "WSyncPro.App\WSyncPro.App.csproj", "{2A68209D-A5E5-49A1-BB4A-E5610BBC61DD}"
EndProject
Project("{2150E333-8FDC-42A3-9474-1A3956D46DE8}") = "TestDirectory", "TestDirectory", "{8647F10A-77D0-4AC5-8A52-8738653AF180}"
EndProject
Project("{2150E333-8FDC-42A3-9474-1A3956D46DE8}") = "SRC", "SRC", "{9B845A7E-975C-420A-ABA1-376904A6B0B8}"
EndProject
Project("{2150E333-8FDC-42A3-9474-1A3956D46DE8}") = "DST", "DST", "{3191DB01-0597-4947-8387-419FBD2DC7EA}"
EndProject
Global
	GlobalSection(SolutionConfigurationPlatforms) = preSolution
		Debug|Any CPU = Debug|Any CPU
		Release|Any CPU = Release|Any CPU
	EndGlobalSection
	GlobalSection(ProjectConfigurationPlatforms) = postSolution
		{CAB7925C-6077-4D79-AA30-66FE26BF1E0A}.Debug|Any CPU.ActiveCfg = Debug|Any CPU
		{CAB7925C-6077-4D79-AA30-66FE26BF1E0A}.Debug|Any CPU.Build.0 = Debug|Any CPU
		{CAB7925C-6077-4D79-AA30-66FE26BF1E0A}.Release|Any CPU.ActiveCfg = Release|Any CPU
		{CAB7925C-6077-4D79-AA30-66FE26BF1E0A}.Release|Any CPU.Build.0 = Release|Any CPU
		{A6C2ACE2-90F3-41AD-8CA6-C14E059A30AF}.Debug|Any CPU.ActiveCfg = Debug|Any CPU
		{A6C2ACE2-90F3-41AD-8CA6-C14E059A30AF}.Debug|Any CPU.Build.0 = Debug|Any CPU
		{A6C2ACE2-90F3-41AD-8CA6-C14E059A30AF}.Release|Any CPU.ActiveCfg = Release|Any CPU
		{A6C2ACE2-90F3-41AD-8CA6-C14E059A30AF}.Release|Any CPU.Build.0 = Release|Any CPU
		{84A52737-EB7D-487B-9867-6071701B6AAF}.Debug|Any CPU.ActiveCfg = Debug|Any CPU
		{84A52737-EB7D-487B-9867-6071701B6AAF}.Debug|Any CPU.Build.0 = Debug|Any CPU
		{84A52737-EB7D-487B-9867-6071701B6AAF}.Release|Any CPU.ActiveCfg = Release|Any CPU
		{84A52737-EB7D-487B-9867-6071701B6AAF}.Release|Any CPU.Build.0 = Release|Any CPU
		{D265DD33-12B5-44DF-8D61-4A18A99B5983}.Debug|Any CPU.ActiveCfg = Debug|Any CPU
		{D265DD33-12B5-44DF-8D61-4A18A99B5983}.Debug|Any CPU.Build.0 = Debug|Any CPU
		{D265DD33-12B5-44DF-8D61-4A18A99B5983}.Release|Any CPU.ActiveCfg = Release|Any CPU
		{D265DD33-12B5-44DF-8D61-4A18A99B5983}.Release|Any CPU.Build.0 = Release|Any CPU
		{2A68209D-A5E5-49A1-BB4A-E5610BBC61DD}.Debug|Any CPU.ActiveCfg = Debug|Any CPU
		{2A68209D-A5E5-49A1-BB4A-E5610BBC61DD}.Debug|Any CPU.Build.0 = Debug|Any CPU
		{2A68209D-A5E5-49A1-BB4A-E5610BBC61DD}.Debug|Any CPU.Deploy.0 = Debug|Any CPU
		{2A68209D-A5E5-49A1-BB4A-E5610BBC61DD}.Release|Any CPU.ActiveCfg = Release|Any CPU
		{2A68209D-A5E5-49A1-BB4A-E5610BBC61DD}.Release|Any CPU.Build.0 = Release|Any CPU
		{2A68209D-A5E5-49A1-BB4A-E5610BBC61DD}.Release|Any CPU.Deploy.0 = Release|Any CPU
	EndGlobalSection
	GlobalSection(SolutionProperties) = preSolution
		HideSolutionNode = FALSE
	EndGlobalSection
	GlobalSection(NestedProjects) = preSolution
		{9B845A7E-975C-420A-ABA1-376904A6B0B8} = {8647F10A-77D0-4AC5-8A52-8738653AF180}
		{3191DB01-0597-4947-8387-419FBD2DC7EA} = {8647F10A-77D0-4AC5-8A52-8738653AF180}
	EndGlobalSection
	GlobalSection(ExtensibilityGlobals) = postSolution
		SolutionGuid = {C6280B96-89A7-4FC4-B5EC-D9046DC65F51}
	EndGlobalSection
EndGlobal
