
Microsoft Visual Studio Solution File, Format Version 12.00
# Visual Studio Version 17
VisualStudioVersion = 17.10.35013.160
MinimumVisualStudioVersion = 10.0.40219.1
Project("{9A19103F-16F7-4668-BE54-9A1E7A4F7556}") = "WSyncPro.Core", "WSyncPro.Core\WSyncPro.Core.csproj", "{4315EA29-932F-4936-97A5-33DDC1038F8C}"
EndProject
Project("{9A19103F-16F7-4668-BE54-9A1E7A4F7556}") = "WSyncPro.Models", "WSyncPro.Models\WSyncPro.Models.csproj", "{26210517-E9A2-4C46-B4EB-09DAD299E3C3}"
EndProject
Project("{9A19103F-16F7-4668-BE54-9A1E7A4F7556}") = "WSyncPro.Test", "WSyncPro.Test\WSyncPro.Test.csproj", "{04E55BF1-2BD6-46DE-AB9E-98A12A285DE5}"
EndProject
Project("{FAE04EC0-301F-11D3-BF4B-00C04F79EFBC}") = "WSyncPro.Ui", "WSyncPro.Ui\WSyncPro.Ui.csproj", "{BA1C2F13-5C93-4A4B-982E-C1E8ABADAF74}"
EndProject
Global
	GlobalSection(SolutionConfigurationPlatforms) = preSolution
		Debug|Any CPU = Debug|Any CPU
		Release|Any CPU = Release|Any CPU
	EndGlobalSection
	GlobalSection(ProjectConfigurationPlatforms) = postSolution
		{4315EA29-932F-4936-97A5-33DDC1038F8C}.Debug|Any CPU.ActiveCfg = Debug|Any CPU
		{4315EA29-932F-4936-97A5-33DDC1038F8C}.Debug|Any CPU.Build.0 = Debug|Any CPU
		{4315EA29-932F-4936-97A5-33DDC1038F8C}.Release|Any CPU.ActiveCfg = Release|Any CPU
		{4315EA29-932F-4936-97A5-33DDC1038F8C}.Release|Any CPU.Build.0 = Release|Any CPU
		{26210517-E9A2-4C46-B4EB-09DAD299E3C3}.Debug|Any CPU.ActiveCfg = Debug|Any CPU
		{26210517-E9A2-4C46-B4EB-09DAD299E3C3}.Debug|Any CPU.Build.0 = Debug|Any CPU
		{26210517-E9A2-4C46-B4EB-09DAD299E3C3}.Release|Any CPU.ActiveCfg = Release|Any CPU
		{26210517-E9A2-4C46-B4EB-09DAD299E3C3}.Release|Any CPU.Build.0 = Release|Any CPU
		{04E55BF1-2BD6-46DE-AB9E-98A12A285DE5}.Debug|Any CPU.ActiveCfg = Debug|Any CPU
		{04E55BF1-2BD6-46DE-AB9E-98A12A285DE5}.Debug|Any CPU.Build.0 = Debug|Any CPU
		{04E55BF1-2BD6-46DE-AB9E-98A12A285DE5}.Release|Any CPU.ActiveCfg = Release|Any CPU
		{04E55BF1-2BD6-46DE-AB9E-98A12A285DE5}.Release|Any CPU.Build.0 = Release|Any CPU
		{BA1C2F13-5C93-4A4B-982E-C1E8ABADAF74}.Debug|Any CPU.ActiveCfg = Debug|Any CPU
		{BA1C2F13-5C93-4A4B-982E-C1E8ABADAF74}.Debug|Any CPU.Build.0 = Debug|Any CPU
		{BA1C2F13-5C93-4A4B-982E-C1E8ABADAF74}.Release|Any CPU.ActiveCfg = Release|Any CPU
		{BA1C2F13-5C93-4A4B-982E-C1E8ABADAF74}.Release|Any CPU.Build.0 = Release|Any CPU
	EndGlobalSection
	GlobalSection(SolutionProperties) = preSolution
		HideSolutionNode = FALSE
	EndGlobalSection
	GlobalSection(ExtensibilityGlobals) = postSolution
		SolutionGuid = {4AA01146-D35D-4E19-B78A-7458AB78B892}
	EndGlobalSection
EndGlobal
