
Microsoft Visual Studio Solution File, Format Version 12.00
# Visual Studio Version 17
VisualStudioVersion = 17.10.35013.160
MinimumVisualStudioVersion = 10.0.40219.1
Project("{9A19103F-16F7-4668-BE54-9A1E7A4F7556}") = "WSyncPro.Core", "WSyncPro.Core\WSyncPro.Core.csproj", "{D3384C3D-C791-426E-BB19-B898A7AF342E}"
EndProject
Project("{9A19103F-16F7-4668-BE54-9A1E7A4F7556}") = "WSyncPro.Data", "WSyncPro.Data\WSyncPro.Data.csproj", "{E14E0BBF-25E6-44F6-8569-4C5164B5B809}"
EndProject
Project("{9A19103F-16F7-4668-BE54-9A1E7A4F7556}") = "WSyncPro.UI", "WSyncPro.UI\WSyncPro.UI.csproj", "{F5A6A1D2-E03C-4CEA-BC6E-EA1E1B435833}"
EndProject
Project("{FAE04EC0-301F-11D3-BF4B-00C04F79EFBC}") = "WSyncPro.Tests", "WSyncPro.Tests\WSyncPro.Tests.csproj", "{59219B10-EB61-4B1A-AF15-7B6BFAA3521E}"
EndProject
Global
	GlobalSection(SolutionConfigurationPlatforms) = preSolution
		Debug|Any CPU = Debug|Any CPU
		Release|Any CPU = Release|Any CPU
	EndGlobalSection
	GlobalSection(ProjectConfigurationPlatforms) = postSolution
		{D3384C3D-C791-426E-BB19-B898A7AF342E}.Debug|Any CPU.ActiveCfg = Debug|Any CPU
		{D3384C3D-C791-426E-BB19-B898A7AF342E}.Debug|Any CPU.Build.0 = Debug|Any CPU
		{D3384C3D-C791-426E-BB19-B898A7AF342E}.Release|Any CPU.ActiveCfg = Release|Any CPU
		{D3384C3D-C791-426E-BB19-B898A7AF342E}.Release|Any CPU.Build.0 = Release|Any CPU
		{E14E0BBF-25E6-44F6-8569-4C5164B5B809}.Debug|Any CPU.ActiveCfg = Debug|Any CPU
		{E14E0BBF-25E6-44F6-8569-4C5164B5B809}.Debug|Any CPU.Build.0 = Debug|Any CPU
		{E14E0BBF-25E6-44F6-8569-4C5164B5B809}.Release|Any CPU.ActiveCfg = Release|Any CPU
		{E14E0BBF-25E6-44F6-8569-4C5164B5B809}.Release|Any CPU.Build.0 = Release|Any CPU
		{F5A6A1D2-E03C-4CEA-BC6E-EA1E1B435833}.Debug|Any CPU.ActiveCfg = Debug|Any CPU
		{F5A6A1D2-E03C-4CEA-BC6E-EA1E1B435833}.Debug|Any CPU.Build.0 = Debug|Any CPU
		{F5A6A1D2-E03C-4CEA-BC6E-EA1E1B435833}.Release|Any CPU.ActiveCfg = Release|Any CPU
		{F5A6A1D2-E03C-4CEA-BC6E-EA1E1B435833}.Release|Any CPU.Build.0 = Release|Any CPU
		{59219B10-EB61-4B1A-AF15-7B6BFAA3521E}.Debug|Any CPU.ActiveCfg = Debug|Any CPU
		{59219B10-EB61-4B1A-AF15-7B6BFAA3521E}.Debug|Any CPU.Build.0 = Debug|Any CPU
		{59219B10-EB61-4B1A-AF15-7B6BFAA3521E}.Release|Any CPU.ActiveCfg = Release|Any CPU
		{59219B10-EB61-4B1A-AF15-7B6BFAA3521E}.Release|Any CPU.Build.0 = Release|Any CPU
	EndGlobalSection
	GlobalSection(SolutionProperties) = preSolution
		HideSolutionNode = FALSE
	EndGlobalSection
	GlobalSection(ExtensibilityGlobals) = postSolution
		SolutionGuid = {39284178-CDE3-4781-9A1D-6826773B0A16}
	EndGlobalSection
EndGlobal
